
Microsoft Visual Studio Solution File, Format Version 12.00
# Visual Studio Version 17
VisualStudioVersion = 17.12.35521.163
MinimumVisualStudioVersion = 10.0.40219.1
Project("{FAE04EC0-301F-11D3-BF4B-00C04F79EFBC}") = "ScpDatabase", "MauiApp1\ScpDatabase.csproj", "{9F73E1C1-7F24-4D22-88D1-0225A3A735E1}"
EndProject
Project("{2150E333-8FDC-42A3-9474-1A3956D46DE8}") = "Solution Items", "Solution Items", "{15B50048-657E-441C-A53E-0709BCA8A016}"
	ProjectSection(SolutionItems) = preProject
		.editorconfig = .editorconfig
	EndProjectSection
EndProject
Global
	GlobalSection(SolutionConfigurationPlatforms) = preSolution
		Debug|Any CPU = Debug|Any CPU
		Release|Any CPU = Release|Any CPU
	EndGlobalSection
	GlobalSection(ProjectConfigurationPlatforms) = postSolution
		{9F73E1C1-7F24-4D22-88D1-0225A3A735E1}.Debug|Any CPU.ActiveCfg = Debug|Any CPU
		{9F73E1C1-7F24-4D22-88D1-0225A3A735E1}.Debug|Any CPU.Build.0 = Debug|Any CPU
		{9F73E1C1-7F24-4D22-88D1-0225A3A735E1}.Debug|Any CPU.Deploy.0 = Debug|Any CPU
		{9F73E1C1-7F24-4D22-88D1-0225A3A735E1}.Release|Any CPU.ActiveCfg = Release|Any CPU
		{9F73E1C1-7F24-4D22-88D1-0225A3A735E1}.Release|Any CPU.Build.0 = Release|Any CPU
		{9F73E1C1-7F24-4D22-88D1-0225A3A735E1}.Release|Any CPU.Deploy.0 = Release|Any CPU
	EndGlobalSection
	GlobalSection(SolutionProperties) = preSolution
		HideSolutionNode = FALSE
	EndGlobalSection
EndGlobal
